
Microsoft Visual Studio Solution File, Format Version 12.00
# Visual Studio Version 17
VisualStudioVersion = 17.6.33829.357
MinimumVisualStudioVersion = 10.0.40219.1
Project("{8BC9CEB8-8B4A-11D0-8D11-00A0C91BC942}") = "C++基本语法", "C++基本语法\C++基本语法.vcxproj", "{F089F46F-C494-4055-ACAF-A413AA2B221B}"
EndProject
Project("{8BC9CEB8-8B4A-11D0-8D11-00A0C91BC942}") = "构造函数", "构造函数\构造函数.vcxproj", "{F494682B-5A4D-413B-9AA8-D2AEA82A9116}"
EndProject
Project("{8BC9CEB8-8B4A-11D0-8D11-00A0C91BC942}") = "析构函数", "析构函数\析构函数.vcxproj", "{97570F54-24F0-423A-96F0-20595B826028}"
EndProject
Project("{8BC9CEB8-8B4A-11D0-8D11-00A0C91BC942}") = "继承", "继承\继承.vcxproj", "{1A496B66-D3C6-4C20-B746-BAA5157CF2E4}"
EndProject
Project("{8BC9CEB8-8B4A-11D0-8D11-00A0C91BC942}") = "虚函数", "虚函数\虚函数.vcxproj", "{C374E385-B384-4D07-9EA6-E8C34E46B8D8}"
EndProject
Project("{8BC9CEB8-8B4A-11D0-8D11-00A0C91BC942}") = "纯虚函数", "纯虚函数\纯虚函数.vcxproj", "{4BB819F7-2E1C-4CA0-A30C-999B6DA66ADE}"
EndProject
Project("{8BC9CEB8-8B4A-11D0-8D11-00A0C91BC942}") = "const常量", "const常量\const常量.vcxproj", "{7D05383E-028E-4C20-8354-D6BA04F32217}"
EndProject
Project("{8BC9CEB8-8B4A-11D0-8D11-00A0C91BC942}") = "成员初始化列表", "..\成员初始化列表\成员初始化列表.vcxproj", "{0D7A0DDC-6CE5-4FF9-965B-42E69887DE64}"
EndProject
Project("{8BC9CEB8-8B4A-11D0-8D11-00A0C91BC942}") = "生成并初始化C++对象", "生成并初始化C++对象\生成并初始化C++对象.vcxproj", "{A02A6D2C-EA8A-4A54-9CCA-2078E1213530}"
EndProject
Project("{8BC9CEB8-8B4A-11D0-8D11-00A0C91BC942}") = "C++new关键字", "C++new关键字\C++new关键字.vcxproj", "{F83FBAAE-D244-4EAA-8CD3-3A1E219BCF1F}"
EndProject
Project("{8BC9CEB8-8B4A-11D0-8D11-00A0C91BC942}") = "隐式转换和explicit", "隐式转换和explicit\隐式转换和explicit.vcxproj", "{CA4E6EFC-CCE2-4889-BD41-D8533741E9FD}"
EndProject
Project("{8BC9CEB8-8B4A-11D0-8D11-00A0C91BC942}") = "C++运算符重载", "C++运算符重载\C++运算符重载.vcxproj", "{34105BB0-68BC-476F-8253-769BBD073466}"
EndProject
Project("{8BC9CEB8-8B4A-11D0-8D11-00A0C91BC942}") = "this关键字", "this关键字\this关键字.vcxproj", "{7C0B0243-57ED-45D2-8C00-EA7B7F2D4966}"
EndProject
Project("{8BC9CEB8-8B4A-11D0-8D11-00A0C91BC942}") = "对象生存期", "对象生存期\对象生存期.vcxproj", "{D8A8EFA0-4026-4A2D-8C01-F3DF549F9834}"
EndProject
Project("{8BC9CEB8-8B4A-11D0-8D11-00A0C91BC942}") = "智能指针", "智能指针\智能指针.vcxproj", "{4BA2C5C2-3516-4C81-A905-F2F6FA0919F6}"
EndProject
Project("{8BC9CEB8-8B4A-11D0-8D11-00A0C91BC942}") = "C++复制与拷贝函数", "C++复制与拷贝函数\C++复制与拷贝函数.vcxproj", "{7ABED766-D8C1-4C40-B7F6-A21A6485BCCA}"
EndProject
Project("{8BC9CEB8-8B4A-11D0-8D11-00A0C91BC942}") = "箭头操作符", "箭头操作符\箭头操作符.vcxproj", "{7F3806D1-9E24-401C-AE28-141DC52EC24E}"
EndProject
Project("{8BC9CEB8-8B4A-11D0-8D11-00A0C91BC942}") = "C++动态数组", "C++动态数组\C++动态数组.vcxproj", "{0ADDCD6F-ECE9-4430-A5F2-723C6C474885}"
EndProject
Project("{8BC9CEB8-8B4A-11D0-8D11-00A0C91BC942}") = "C++的模板", "C++的模板\C++的模板.vcxproj", "{4A346735-74B9-41F5-A99D-2A35AF62E7C0}"
EndProject
Project("{8BC9CEB8-8B4A-11D0-8D11-00A0C91BC942}") = "C++返回多个值", "C++返回多个值\C++返回多个值.vcxproj", "{94ED080B-EE06-48A1-8431-8B0A4A1B6CD9}"
EndProject
Project("{8BC9CEB8-8B4A-11D0-8D11-00A0C91BC942}") = "C++命名空间和using namespace std", "C++命名空间和using namespace std\C++命名空间和using namespace std.vcxproj", "{DE44543B-0ED4-43B3-AF93-5D32FC42BA0E}"
EndProject
Project("{8BC9CEB8-8B4A-11D0-8D11-00A0C91BC942}") = "C++线程", "C++线程\C++线程.vcxproj", "{B7402837-0741-49B7-8892-9D6605EF4A54}"
EndProject
Project("{8BC9CEB8-8B4A-11D0-8D11-00A0C91BC942}") = "C++计时", "C++计时\C++计时.vcxproj", "{25D04994-1FA7-4CED-8920-F976921D9C52}"
EndProject
Project("{8BC9CEB8-8B4A-11D0-8D11-00A0C91BC942}") = "C++文件操作", "C++文件操作\C++文件操作.vcxproj", "{5E5A4B40-21C8-472F-817A-77C6AA4FD990}"
EndProject
Global
	GlobalSection(SolutionConfigurationPlatforms) = preSolution
		Debug|x64 = Debug|x64
		Debug|x86 = Debug|x86
		Release|x64 = Release|x64
		Release|x86 = Release|x86
	EndGlobalSection
	GlobalSection(ProjectConfigurationPlatforms) = postSolution
		{F089F46F-C494-4055-ACAF-A413AA2B221B}.Debug|x64.ActiveCfg = Debug|x64
		{F089F46F-C494-4055-ACAF-A413AA2B221B}.Debug|x64.Build.0 = Debug|x64
		{F089F46F-C494-4055-ACAF-A413AA2B221B}.Debug|x86.ActiveCfg = Debug|Win32
		{F089F46F-C494-4055-ACAF-A413AA2B221B}.Debug|x86.Build.0 = Debug|Win32
		{F089F46F-C494-4055-ACAF-A413AA2B221B}.Release|x64.ActiveCfg = Release|x64
		{F089F46F-C494-4055-ACAF-A413AA2B221B}.Release|x64.Build.0 = Release|x64
		{F089F46F-C494-4055-ACAF-A413AA2B221B}.Release|x86.ActiveCfg = Release|Win32
		{F089F46F-C494-4055-ACAF-A413AA2B221B}.Release|x86.Build.0 = Release|Win32
		{F494682B-5A4D-413B-9AA8-D2AEA82A9116}.Debug|x64.ActiveCfg = Debug|x64
		{F494682B-5A4D-413B-9AA8-D2AEA82A9116}.Debug|x64.Build.0 = Debug|x64
		{F494682B-5A4D-413B-9AA8-D2AEA82A9116}.Debug|x86.ActiveCfg = Debug|Win32
		{F494682B-5A4D-413B-9AA8-D2AEA82A9116}.Debug|x86.Build.0 = Debug|Win32
		{F494682B-5A4D-413B-9AA8-D2AEA82A9116}.Release|x64.ActiveCfg = Release|x64
		{F494682B-5A4D-413B-9AA8-D2AEA82A9116}.Release|x64.Build.0 = Release|x64
		{F494682B-5A4D-413B-9AA8-D2AEA82A9116}.Release|x86.ActiveCfg = Release|Win32
		{F494682B-5A4D-413B-9AA8-D2AEA82A9116}.Release|x86.Build.0 = Release|Win32
		{97570F54-24F0-423A-96F0-20595B826028}.Debug|x64.ActiveCfg = Debug|x64
		{97570F54-24F0-423A-96F0-20595B826028}.Debug|x64.Build.0 = Debug|x64
		{97570F54-24F0-423A-96F0-20595B826028}.Debug|x86.ActiveCfg = Debug|Win32
		{97570F54-24F0-423A-96F0-20595B826028}.Debug|x86.Build.0 = Debug|Win32
		{97570F54-24F0-423A-96F0-20595B826028}.Release|x64.ActiveCfg = Release|x64
		{97570F54-24F0-423A-96F0-20595B826028}.Release|x64.Build.0 = Release|x64
		{97570F54-24F0-423A-96F0-20595B826028}.Release|x86.ActiveCfg = Release|Win32
		{97570F54-24F0-423A-96F0-20595B826028}.Release|x86.Build.0 = Release|Win32
		{1A496B66-D3C6-4C20-B746-BAA5157CF2E4}.Debug|x64.ActiveCfg = Debug|x64
		{1A496B66-D3C6-4C20-B746-BAA5157CF2E4}.Debug|x64.Build.0 = Debug|x64
		{1A496B66-D3C6-4C20-B746-BAA5157CF2E4}.Debug|x86.ActiveCfg = Debug|Win32
		{1A496B66-D3C6-4C20-B746-BAA5157CF2E4}.Debug|x86.Build.0 = Debug|Win32
		{1A496B66-D3C6-4C20-B746-BAA5157CF2E4}.Release|x64.ActiveCfg = Release|x64
		{1A496B66-D3C6-4C20-B746-BAA5157CF2E4}.Release|x64.Build.0 = Release|x64
		{1A496B66-D3C6-4C20-B746-BAA5157CF2E4}.Release|x86.ActiveCfg = Release|Win32
		{1A496B66-D3C6-4C20-B746-BAA5157CF2E4}.Release|x86.Build.0 = Release|Win32
		{C374E385-B384-4D07-9EA6-E8C34E46B8D8}.Debug|x64.ActiveCfg = Debug|x64
		{C374E385-B384-4D07-9EA6-E8C34E46B8D8}.Debug|x64.Build.0 = Debug|x64
		{C374E385-B384-4D07-9EA6-E8C34E46B8D8}.Debug|x86.ActiveCfg = Debug|Win32
		{C374E385-B384-4D07-9EA6-E8C34E46B8D8}.Debug|x86.Build.0 = Debug|Win32
		{C374E385-B384-4D07-9EA6-E8C34E46B8D8}.Release|x64.ActiveCfg = Release|x64
		{C374E385-B384-4D07-9EA6-E8C34E46B8D8}.Release|x64.Build.0 = Release|x64
		{C374E385-B384-4D07-9EA6-E8C34E46B8D8}.Release|x86.ActiveCfg = Release|Win32
		{C374E385-B384-4D07-9EA6-E8C34E46B8D8}.Release|x86.Build.0 = Release|Win32
		{4BB819F7-2E1C-4CA0-A30C-999B6DA66ADE}.Debug|x64.ActiveCfg = Debug|x64
		{4BB819F7-2E1C-4CA0-A30C-999B6DA66ADE}.Debug|x64.Build.0 = Debug|x64
		{4BB819F7-2E1C-4CA0-A30C-999B6DA66ADE}.Debug|x86.ActiveCfg = Debug|Win32
		{4BB819F7-2E1C-4CA0-A30C-999B6DA66ADE}.Debug|x86.Build.0 = Debug|Win32
		{4BB819F7-2E1C-4CA0-A30C-999B6DA66ADE}.Release|x64.ActiveCfg = Release|x64
		{4BB819F7-2E1C-4CA0-A30C-999B6DA66ADE}.Release|x64.Build.0 = Release|x64
		{4BB819F7-2E1C-4CA0-A30C-999B6DA66ADE}.Release|x86.ActiveCfg = Release|Win32
		{4BB819F7-2E1C-4CA0-A30C-999B6DA66ADE}.Release|x86.Build.0 = Release|Win32
		{7D05383E-028E-4C20-8354-D6BA04F32217}.Debug|x64.ActiveCfg = Debug|x64
		{7D05383E-028E-4C20-8354-D6BA04F32217}.Debug|x64.Build.0 = Debug|x64
		{7D05383E-028E-4C20-8354-D6BA04F32217}.Debug|x86.ActiveCfg = Debug|Win32
		{7D05383E-028E-4C20-8354-D6BA04F32217}.Debug|x86.Build.0 = Debug|Win32
		{7D05383E-028E-4C20-8354-D6BA04F32217}.Release|x64.ActiveCfg = Release|x64
		{7D05383E-028E-4C20-8354-D6BA04F32217}.Release|x64.Build.0 = Release|x64
		{7D05383E-028E-4C20-8354-D6BA04F32217}.Release|x86.ActiveCfg = Release|Win32
		{7D05383E-028E-4C20-8354-D6BA04F32217}.Release|x86.Build.0 = Release|Win32
		{0D7A0DDC-6CE5-4FF9-965B-42E69887DE64}.Debug|x64.ActiveCfg = Debug|x64
		{0D7A0DDC-6CE5-4FF9-965B-42E69887DE64}.Debug|x64.Build.0 = Debug|x64
		{0D7A0DDC-6CE5-4FF9-965B-42E69887DE64}.Debug|x86.ActiveCfg = Debug|Win32
		{0D7A0DDC-6CE5-4FF9-965B-42E69887DE64}.Debug|x86.Build.0 = Debug|Win32
		{0D7A0DDC-6CE5-4FF9-965B-42E69887DE64}.Release|x64.ActiveCfg = Release|x64
		{0D7A0DDC-6CE5-4FF9-965B-42E69887DE64}.Release|x64.Build.0 = Release|x64
		{0D7A0DDC-6CE5-4FF9-965B-42E69887DE64}.Release|x86.ActiveCfg = Release|Win32
		{0D7A0DDC-6CE5-4FF9-965B-42E69887DE64}.Release|x86.Build.0 = Release|Win32
		{A02A6D2C-EA8A-4A54-9CCA-2078E1213530}.Debug|x64.ActiveCfg = Debug|x64
		{A02A6D2C-EA8A-4A54-9CCA-2078E1213530}.Debug|x64.Build.0 = Debug|x64
		{A02A6D2C-EA8A-4A54-9CCA-2078E1213530}.Debug|x86.ActiveCfg = Debug|Win32
		{A02A6D2C-EA8A-4A54-9CCA-2078E1213530}.Debug|x86.Build.0 = Debug|Win32
		{A02A6D2C-EA8A-4A54-9CCA-2078E1213530}.Release|x64.ActiveCfg = Release|x64
		{A02A6D2C-EA8A-4A54-9CCA-2078E1213530}.Release|x64.Build.0 = Release|x64
		{A02A6D2C-EA8A-4A54-9CCA-2078E1213530}.Release|x86.ActiveCfg = Release|Win32
		{A02A6D2C-EA8A-4A54-9CCA-2078E1213530}.Release|x86.Build.0 = Release|Win32
		{F83FBAAE-D244-4EAA-8CD3-3A1E219BCF1F}.Debug|x64.ActiveCfg = Debug|x64
		{F83FBAAE-D244-4EAA-8CD3-3A1E219BCF1F}.Debug|x64.Build.0 = Debug|x64
		{F83FBAAE-D244-4EAA-8CD3-3A1E219BCF1F}.Debug|x86.ActiveCfg = Debug|Win32
		{F83FBAAE-D244-4EAA-8CD3-3A1E219BCF1F}.Debug|x86.Build.0 = Debug|Win32
		{F83FBAAE-D244-4EAA-8CD3-3A1E219BCF1F}.Release|x64.ActiveCfg = Release|x64
		{F83FBAAE-D244-4EAA-8CD3-3A1E219BCF1F}.Release|x64.Build.0 = Release|x64
		{F83FBAAE-D244-4EAA-8CD3-3A1E219BCF1F}.Release|x86.ActiveCfg = Release|Win32
		{F83FBAAE-D244-4EAA-8CD3-3A1E219BCF1F}.Release|x86.Build.0 = Release|Win32
		{CA4E6EFC-CCE2-4889-BD41-D8533741E9FD}.Debug|x64.ActiveCfg = Debug|x64
		{CA4E6EFC-CCE2-4889-BD41-D8533741E9FD}.Debug|x64.Build.0 = Debug|x64
		{CA4E6EFC-CCE2-4889-BD41-D8533741E9FD}.Debug|x86.ActiveCfg = Debug|Win32
		{CA4E6EFC-CCE2-4889-BD41-D8533741E9FD}.Debug|x86.Build.0 = Debug|Win32
		{CA4E6EFC-CCE2-4889-BD41-D8533741E9FD}.Release|x64.ActiveCfg = Release|x64
		{CA4E6EFC-CCE2-4889-BD41-D8533741E9FD}.Release|x64.Build.0 = Release|x64
		{CA4E6EFC-CCE2-4889-BD41-D8533741E9FD}.Release|x86.ActiveCfg = Release|Win32
		{CA4E6EFC-CCE2-4889-BD41-D8533741E9FD}.Release|x86.Build.0 = Release|Win32
		{34105BB0-68BC-476F-8253-769BBD073466}.Debug|x64.ActiveCfg = Debug|x64
		{34105BB0-68BC-476F-8253-769BBD073466}.Debug|x64.Build.0 = Debug|x64
		{34105BB0-68BC-476F-8253-769BBD073466}.Debug|x86.ActiveCfg = Debug|Win32
		{34105BB0-68BC-476F-8253-769BBD073466}.Debug|x86.Build.0 = Debug|Win32
		{34105BB0-68BC-476F-8253-769BBD073466}.Release|x64.ActiveCfg = Release|x64
		{34105BB0-68BC-476F-8253-769BBD073466}.Release|x64.Build.0 = Release|x64
		{34105BB0-68BC-476F-8253-769BBD073466}.Release|x86.ActiveCfg = Release|Win32
		{34105BB0-68BC-476F-8253-769BBD073466}.Release|x86.Build.0 = Release|Win32
		{7C0B0243-57ED-45D2-8C00-EA7B7F2D4966}.Debug|x64.ActiveCfg = Debug|x64
		{7C0B0243-57ED-45D2-8C00-EA7B7F2D4966}.Debug|x64.Build.0 = Debug|x64
		{7C0B0243-57ED-45D2-8C00-EA7B7F2D4966}.Debug|x86.ActiveCfg = Debug|Win32
		{7C0B0243-57ED-45D2-8C00-EA7B7F2D4966}.Debug|x86.Build.0 = Debug|Win32
		{7C0B0243-57ED-45D2-8C00-EA7B7F2D4966}.Release|x64.ActiveCfg = Release|x64
		{7C0B0243-57ED-45D2-8C00-EA7B7F2D4966}.Release|x64.Build.0 = Release|x64
		{7C0B0243-57ED-45D2-8C00-EA7B7F2D4966}.Release|x86.ActiveCfg = Release|Win32
		{7C0B0243-57ED-45D2-8C00-EA7B7F2D4966}.Release|x86.Build.0 = Release|Win32
		{D8A8EFA0-4026-4A2D-8C01-F3DF549F9834}.Debug|x64.ActiveCfg = Debug|x64
		{D8A8EFA0-4026-4A2D-8C01-F3DF549F9834}.Debug|x64.Build.0 = Debug|x64
		{D8A8EFA0-4026-4A2D-8C01-F3DF549F9834}.Debug|x86.ActiveCfg = Debug|Win32
		{D8A8EFA0-4026-4A2D-8C01-F3DF549F9834}.Debug|x86.Build.0 = Debug|Win32
		{D8A8EFA0-4026-4A2D-8C01-F3DF549F9834}.Release|x64.ActiveCfg = Release|x64
		{D8A8EFA0-4026-4A2D-8C01-F3DF549F9834}.Release|x64.Build.0 = Release|x64
		{D8A8EFA0-4026-4A2D-8C01-F3DF549F9834}.Release|x86.ActiveCfg = Release|Win32
		{D8A8EFA0-4026-4A2D-8C01-F3DF549F9834}.Release|x86.Build.0 = Release|Win32
		{4BA2C5C2-3516-4C81-A905-F2F6FA0919F6}.Debug|x64.ActiveCfg = Debug|x64
		{4BA2C5C2-3516-4C81-A905-F2F6FA0919F6}.Debug|x64.Build.0 = Debug|x64
		{4BA2C5C2-3516-4C81-A905-F2F6FA0919F6}.Debug|x86.ActiveCfg = Debug|Win32
		{4BA2C5C2-3516-4C81-A905-F2F6FA0919F6}.Debug|x86.Build.0 = Debug|Win32
		{4BA2C5C2-3516-4C81-A905-F2F6FA0919F6}.Release|x64.ActiveCfg = Release|x64
		{4BA2C5C2-3516-4C81-A905-F2F6FA0919F6}.Release|x64.Build.0 = Release|x64
		{4BA2C5C2-3516-4C81-A905-F2F6FA0919F6}.Release|x86.ActiveCfg = Release|Win32
		{4BA2C5C2-3516-4C81-A905-F2F6FA0919F6}.Release|x86.Build.0 = Release|Win32
		{7ABED766-D8C1-4C40-B7F6-A21A6485BCCA}.Debug|x64.ActiveCfg = Debug|x64
		{7ABED766-D8C1-4C40-B7F6-A21A6485BCCA}.Debug|x64.Build.0 = Debug|x64
		{7ABED766-D8C1-4C40-B7F6-A21A6485BCCA}.Debug|x86.ActiveCfg = Debug|Win32
		{7ABED766-D8C1-4C40-B7F6-A21A6485BCCA}.Debug|x86.Build.0 = Debug|Win32
		{7ABED766-D8C1-4C40-B7F6-A21A6485BCCA}.Release|x64.ActiveCfg = Release|x64
		{7ABED766-D8C1-4C40-B7F6-A21A6485BCCA}.Release|x64.Build.0 = Release|x64
		{7ABED766-D8C1-4C40-B7F6-A21A6485BCCA}.Release|x86.ActiveCfg = Release|Win32
		{7ABED766-D8C1-4C40-B7F6-A21A6485BCCA}.Release|x86.Build.0 = Release|Win32
		{7F3806D1-9E24-401C-AE28-141DC52EC24E}.Debug|x64.ActiveCfg = Debug|x64
		{7F3806D1-9E24-401C-AE28-141DC52EC24E}.Debug|x64.Build.0 = Debug|x64
		{7F3806D1-9E24-401C-AE28-141DC52EC24E}.Debug|x86.ActiveCfg = Debug|Win32
		{7F3806D1-9E24-401C-AE28-141DC52EC24E}.Debug|x86.Build.0 = Debug|Win32
		{7F3806D1-9E24-401C-AE28-141DC52EC24E}.Release|x64.ActiveCfg = Release|x64
		{7F3806D1-9E24-401C-AE28-141DC52EC24E}.Release|x64.Build.0 = Release|x64
		{7F3806D1-9E24-401C-AE28-141DC52EC24E}.Release|x86.ActiveCfg = Release|Win32
		{7F3806D1-9E24-401C-AE28-141DC52EC24E}.Release|x86.Build.0 = Release|Win32
		{0ADDCD6F-ECE9-4430-A5F2-723C6C474885}.Debug|x64.ActiveCfg = Debug|x64
		{0ADDCD6F-ECE9-4430-A5F2-723C6C474885}.Debug|x64.Build.0 = Debug|x64
		{0ADDCD6F-ECE9-4430-A5F2-723C6C474885}.Debug|x86.ActiveCfg = Debug|Win32
		{0ADDCD6F-ECE9-4430-A5F2-723C6C474885}.Debug|x86.Build.0 = Debug|Win32
		{0ADDCD6F-ECE9-4430-A5F2-723C6C474885}.Release|x64.ActiveCfg = Release|x64
		{0ADDCD6F-ECE9-4430-A5F2-723C6C474885}.Release|x64.Build.0 = Release|x64
		{0ADDCD6F-ECE9-4430-A5F2-723C6C474885}.Release|x86.ActiveCfg = Release|Win32
		{0ADDCD6F-ECE9-4430-A5F2-723C6C474885}.Release|x86.Build.0 = Release|Win32
		{4A346735-74B9-41F5-A99D-2A35AF62E7C0}.Debug|x64.ActiveCfg = Debug|x64
		{4A346735-74B9-41F5-A99D-2A35AF62E7C0}.Debug|x64.Build.0 = Debug|x64
		{4A346735-74B9-41F5-A99D-2A35AF62E7C0}.Debug|x86.ActiveCfg = Debug|Win32
		{4A346735-74B9-41F5-A99D-2A35AF62E7C0}.Debug|x86.Build.0 = Debug|Win32
		{4A346735-74B9-41F5-A99D-2A35AF62E7C0}.Release|x64.ActiveCfg = Release|x64
		{4A346735-74B9-41F5-A99D-2A35AF62E7C0}.Release|x64.Build.0 = Release|x64
		{4A346735-74B9-41F5-A99D-2A35AF62E7C0}.Release|x86.ActiveCfg = Release|Win32
		{4A346735-74B9-41F5-A99D-2A35AF62E7C0}.Release|x86.Build.0 = Release|Win32
		{94ED080B-EE06-48A1-8431-8B0A4A1B6CD9}.Debug|x64.ActiveCfg = Debug|x64
		{94ED080B-EE06-48A1-8431-8B0A4A1B6CD9}.Debug|x64.Build.0 = Debug|x64
		{94ED080B-EE06-48A1-8431-8B0A4A1B6CD9}.Debug|x86.ActiveCfg = Debug|Win32
		{94ED080B-EE06-48A1-8431-8B0A4A1B6CD9}.Debug|x86.Build.0 = Debug|Win32
		{94ED080B-EE06-48A1-8431-8B0A4A1B6CD9}.Release|x64.ActiveCfg = Release|x64
		{94ED080B-EE06-48A1-8431-8B0A4A1B6CD9}.Release|x64.Build.0 = Release|x64
		{94ED080B-EE06-48A1-8431-8B0A4A1B6CD9}.Release|x86.ActiveCfg = Release|Win32
		{94ED080B-EE06-48A1-8431-8B0A4A1B6CD9}.Release|x86.Build.0 = Release|Win32
		{DE44543B-0ED4-43B3-AF93-5D32FC42BA0E}.Debug|x64.ActiveCfg = Debug|x64
		{DE44543B-0ED4-43B3-AF93-5D32FC42BA0E}.Debug|x64.Build.0 = Debug|x64
		{DE44543B-0ED4-43B3-AF93-5D32FC42BA0E}.Debug|x86.ActiveCfg = Debug|Win32
		{DE44543B-0ED4-43B3-AF93-5D32FC42BA0E}.Debug|x86.Build.0 = Debug|Win32
		{DE44543B-0ED4-43B3-AF93-5D32FC42BA0E}.Release|x64.ActiveCfg = Release|x64
		{DE44543B-0ED4-43B3-AF93-5D32FC42BA0E}.Release|x64.Build.0 = Release|x64
		{DE44543B-0ED4-43B3-AF93-5D32FC42BA0E}.Release|x86.ActiveCfg = Release|Win32
		{DE44543B-0ED4-43B3-AF93-5D32FC42BA0E}.Release|x86.Build.0 = Release|Win32
		{B7402837-0741-49B7-8892-9D6605EF4A54}.Debug|x64.ActiveCfg = Debug|x64
		{B7402837-0741-49B7-8892-9D6605EF4A54}.Debug|x64.Build.0 = Debug|x64
		{B7402837-0741-49B7-8892-9D6605EF4A54}.Debug|x86.ActiveCfg = Debug|Win32
		{B7402837-0741-49B7-8892-9D6605EF4A54}.Debug|x86.Build.0 = Debug|Win32
		{B7402837-0741-49B7-8892-9D6605EF4A54}.Release|x64.ActiveCfg = Release|x64
		{B7402837-0741-49B7-8892-9D6605EF4A54}.Release|x64.Build.0 = Release|x64
		{B7402837-0741-49B7-8892-9D6605EF4A54}.Release|x86.ActiveCfg = Release|Win32
		{B7402837-0741-49B7-8892-9D6605EF4A54}.Release|x86.Build.0 = Release|Win32
		{25D04994-1FA7-4CED-8920-F976921D9C52}.Debug|x64.ActiveCfg = Debug|x64
		{25D04994-1FA7-4CED-8920-F976921D9C52}.Debug|x64.Build.0 = Debug|x64
		{25D04994-1FA7-4CED-8920-F976921D9C52}.Debug|x86.ActiveCfg = Debug|Win32
		{25D04994-1FA7-4CED-8920-F976921D9C52}.Debug|x86.Build.0 = Debug|Win32
		{25D04994-1FA7-4CED-8920-F976921D9C52}.Release|x64.ActiveCfg = Release|x64
		{25D04994-1FA7-4CED-8920-F976921D9C52}.Release|x64.Build.0 = Release|x64
		{25D04994-1FA7-4CED-8920-F976921D9C52}.Release|x86.ActiveCfg = Release|Win32
		{25D04994-1FA7-4CED-8920-F976921D9C52}.Release|x86.Build.0 = Release|Win32
		{5E5A4B40-21C8-472F-817A-77C6AA4FD990}.Debug|x64.ActiveCfg = Debug|x64
		{5E5A4B40-21C8-472F-817A-77C6AA4FD990}.Debug|x64.Build.0 = Debug|x64
		{5E5A4B40-21C8-472F-817A-77C6AA4FD990}.Debug|x86.ActiveCfg = Debug|Win32
		{5E5A4B40-21C8-472F-817A-77C6AA4FD990}.Debug|x86.Build.0 = Debug|Win32
		{5E5A4B40-21C8-472F-817A-77C6AA4FD990}.Release|x64.ActiveCfg = Release|x64
		{5E5A4B40-21C8-472F-817A-77C6AA4FD990}.Release|x64.Build.0 = Release|x64
		{5E5A4B40-21C8-472F-817A-77C6AA4FD990}.Release|x86.ActiveCfg = Release|Win32
		{5E5A4B40-21C8-472F-817A-77C6AA4FD990}.Release|x86.Build.0 = Release|Win32
	EndGlobalSection
	GlobalSection(SolutionProperties) = preSolution
		HideSolutionNode = FALSE
	EndGlobalSection
	GlobalSection(ExtensibilityGlobals) = postSolution
		SolutionGuid = {591CEFCA-FD96-4095-8FEC-AFF47961C011}
	EndGlobalSection
EndGlobal
